
Microsoft Visual Studio Solution File, Format Version 12.00
# Visual Studio Version 17
VisualStudioVersion = 17.2.32519.379
MinimumVisualStudioVersion = 10.0.40219.1
Project("{FAE04EC0-301F-11D3-BF4B-00C04F79EFBC}") = "TicketSystem", "TicketSystem\TicketSystem.csproj", "{DB121686-E680-483C-9CEC-0CEFA0367E66}"
EndProject
Global
	GlobalSection(SolutionConfigurationPlatforms) = preSolution
		Debug|Any CPU = Debug|Any CPU
		Release|Any CPU = Release|Any CPU
	EndGlobalSection
	GlobalSection(ProjectConfigurationPlatforms) = postSolution
		{DB121686-E680-483C-9CEC-0CEFA0367E66}.Debug|Any CPU.ActiveCfg = Debug|Any CPU
		{DB121686-E680-483C-9CEC-0CEFA0367E66}.Debug|Any CPU.Build.0 = Debug|Any CPU
		{DB121686-E680-483C-9CEC-0CEFA0367E66}.Release|Any CPU.ActiveCfg = Release|Any CPU
		{DB121686-E680-483C-9CEC-0CEFA0367E66}.Release|Any CPU.Build.0 = Release|Any CPU
	EndGlobalSection
	GlobalSection(SolutionProperties) = preSolution
		HideSolutionNode = FALSE
	EndGlobalSection
	GlobalSection(ExtensibilityGlobals) = postSolution
		SolutionGuid = {12B5795C-B5F3-4911-9654-135708B43EB9}
	EndGlobalSection
EndGlobal
